PODS:
  - Alamofire (4.6.0)
  - PubNub (4.7.5):
    - PubNub/Core (= 4.7.5)
  - PubNub/Core (4.7.5)

DEPENDENCIES:
  - Alamofire (~> 4.5)
  - PubNub (~> 4)

SPEC CHECKSUMS:
  Alamofire: f41a599bd63041760b26d393ec1069d9d7b917f4
  PubNub: b4a22853f971e630a4ef828d8d2c5af63f208f6b

PODFILE CHECKSUM: 65735848f4aeb7c4d7c6d92a80873ebd4e402060

COCOAPODS: 1.4.0
