// !$*UTF8*$!
{
	archiveVersion = 1;
	classes = {
	};
	objectVersion = 48;
	objects = {

/* Begin PBXBuildFile section */
		40A2D9ED20207D0900D4D081 /* AppDelegate.swift in Sources */ = {isa = PBXBuildFile; fileRef = 40A2D9EC20207D0900D4D081 /* AppDelegate.swift */; };
		40A2D9EF20207D0900D4D081 /* ViewController.swift in Sources */ = {isa = PBXBuildFile; fileRef = 40A2D9EE20207D0900D4D081 /* ViewController.swift */; };
		40A2D9F220207D0900D4D081 /* Main.storyboard in Resources */ = {isa = PBXBuildFile; fileRef = 40A2D9F020207D0900D4D081 /* Main.storyboard */; };
		40A2D9F420207D0900D4D081 /* Assets.xcassets in Resources */ = {isa = PBXBuildFile; fileRef = 40A2D9F320207D0900D4D081 /* Assets.xcassets */; };
		40A2D9F720207D0900D4D081 /* LaunchScreen.storyboard in Resources */ = {isa = PBXBuildFile; fileRef = 40A2D9F520207D0900D4D081 /* LaunchScreen.storyboard */; };
		40A2DA0220207D0900D4D081 /* BFLCoinManagerTests.swift in Sources */ = {isa = PBXBuildFile; fileRef = 40A2DA0120207D0900D4D081 /* BFLCoinManagerTests.swift */; };
		40A2DA0D20207D0A00D4D081 /* BFLCoinManagerUITests.swift in Sources */ = {isa = PBXBuildFile; fileRef = 40A2DA0C20207D0A00D4D081 /* BFLCoinManagerUITests.swift */; };
		6C3E106085215C9ACF99197A /* Pods_BFLCoinManager.framework in Frameworks */ = {isa = PBXBuildFile; fileRef = BDDFB8903B6C7B12B2D4F8BD /* Pods_BFLCoinManager.framework */; };
		8740F5730100465F82C7D205 /* Pods_BFLCoinManagerUITests.framework in Frameworks */ = {isa = PBXBuildFile; fileRef = DFCDC71A59420709A9FCD7E9 /* Pods_BFLCoinManagerUITests.framework */; };
		8F0C39E920DE3B2FCCFA9467 /* Pods_BFLCoinManagerTests.framework in Frameworks */ = {isa = PBXBuildFile; fileRef = D84EABC44BDCB68DB8A8BE33 /* Pods_BFLCoinManagerTests.framework */; };
/* End PBXBuildFile section */

/* Begin PBXContainerItemProxy section */
		40A2D9FE20207D0900D4D081 /* PBXContainerItemProxy */ = {
			isa = PBXContainerItemProxy;
			containerPortal = 40A2D9E120207D0900D4D081 /* Project object */;
			proxyType = 1;
			remoteGlobalIDString = 40A2D9E820207D0900D4D081;
			remoteInfo = BFLCoinManager;
		};
		40A2DA0920207D0900D4D081 /* PBXContainerItemProxy */ = {
			isa = PBXContainerItemProxy;
			containerPortal = 40A2D9E120207D0900D4D081 /* Project object */;
			proxyType = 1;
			remoteGlobalIDString = 40A2D9E820207D0900D4D081;
			remoteInfo = BFLCoinManager;
		};
/* End PBXContainerItemProxy section */

/* Begin PBXFileReference section */
		376AA0E3971F8761ED5BF1C3 /* Pods-BFLCoinManager.debug.xcconfig */ = {isa = PBXFileReference; includeInIndex = 1; lastKnownFileType = text.xcconfig; name = "Pods-BFLCoinManager.debug.xcconfig"; path = "Pods/Target Support Files/Pods-BFLCoinManager/Pods-BFLCoinManager.debug.xcconfig"; sourceTree = "<group>"; };
		3D2A04B25B0379E3468BDD47 /* Pods-BFLCoinManagerTests.debug.xcconfig */ = {isa = PBXFileReference; includeInIndex = 1; lastKnownFileType = text.xcconfig; name = "Pods-BFLCoinManagerTests.debug.xcconfig"; path = "Pods/Target Support Files/Pods-BFLCoinManagerTests/Pods-BFLCoinManagerTests.debug.xcconfig"; sourceTree = "<group>"; };
		40A2D9E920207D0900D4D081 /* BFLCoinManager.app */ = {isa = PBXFileReference; explicitFileType = wrapper.application; includeInIndex = 0; path = BFLCoinManager.app; sourceTree = BUILT_PRODUCTS_DIR; };
		40A2D9EC20207D0900D4D081 /* AppDelegate.swift */ = {isa = PBXFileReference; lastKnownFileType = sourcecode.swift; path = AppDelegate.swift; sourceTree = "<group>"; };
		40A2D9EE20207D0900D4D081 /* ViewController.swift */ = {isa = PBXFileReference; lastKnownFileType = sourcecode.swift; path = ViewController.swift; sourceTree = "<group>"; };
		40A2D9F120207D0900D4D081 /* Base */ = {isa = PBXFileReference; lastKnownFileType = file.storyboard; name = Base; path = Base.lproj/Main.storyboard; sourceTree = "<group>"; };
		40A2D9F320207D0900D4D081 /* Assets.xcassets */ = {isa = PBXFileReference; lastKnownFileType = folder.assetcatalog; path = Assets.xcassets; sourceTree = "<group>"; };
		40A2D9F620207D0900D4D081 /* Base */ = {isa = PBXFileReference; lastKnownFileType = file.storyboard; name = Base; path = Base.lproj/LaunchScreen.storyboard; sourceTree = "<group>"; };
		40A2D9F820207D0900D4D081 /* Info.plist */ = {isa = PBXFileReference; lastKnownFileType = text.plist.xml; path = Info.plist; sourceTree = "<group>"; };
		40A2D9FD20207D0900D4D081 /* BFLCoinManagerTests.xctest */ = {isa = PBXFileReference; explicitFileType = wrapper.cfbundle; includeInIndex = 0; path = BFLCoinManagerTests.xctest; sourceTree = BUILT_PRODUCTS_DIR; };
		40A2DA0120207D0900D4D081 /* BFLCoinManagerTests.swift */ = {isa = PBXFileReference; lastKnownFileType = sourcecode.swift; path = BFLCoinManagerTests.swift; sourceTree = "<group>"; };
		40A2DA0320207D0900D4D081 /* Info.plist */ = {isa = PBXFileReference; lastKnownFileType = text.plist.xml; path = Info.plist; sourceTree = "<group>"; };
		40A2DA0820207D0900D4D081 /* BFLCoinManagerUITests.xctest */ = {isa = PBXFileReference; explicitFileType = wrapper.cfbundle; includeInIndex = 0; path = BFLCoinManagerUITests.xctest; sourceTree = BUILT_PRODUCTS_DIR; };
		40A2DA0C20207D0A00D4D081 /* BFLCoinManagerUITests.swift */ = {isa = PBXFileReference; lastKnownFileType = sourcecode.swift; path = BFLCoinManagerUITests.swift; sourceTree = "<group>"; };
		40A2DA0E20207D0A00D4D081 /* Info.plist */ = {isa = PBXFileReference; lastKnownFileType = text.plist.xml; path = Info.plist; sourceTree = "<group>"; };
		5A477919A853105DF072DE60 /* Pods-BFLCoinManagerUITests.release.xcconfig */ = {isa = PBXFileReference; includeInIndex = 1; lastKnownFileType = text.xcconfig; name = "Pods-BFLCoinManagerUITests.release.xcconfig"; path = "Pods/Target Support Files/Pods-BFLCoinManagerUITests/Pods-BFLCoinManagerUITests.release.xcconfig"; sourceTree = "<group>"; };
		73E30634BEBF1ED5B736127B /* Pods-BFLCoinManager.release.xcconfig */ = {isa = PBXFileReference; includeInIndex = 1; lastKnownFileType = text.xcconfig; name = "Pods-BFLCoinManager.release.xcconfig"; path = "Pods/Target Support Files/Pods-BFLCoinManager/Pods-BFLCoinManager.release.xcconfig"; sourceTree = "<group>"; };
		811E9B607C726F309787371E /* Pods-BFLCoinManagerUITests.debug.xcconfig */ = {isa = PBXFileReference; includeInIndex = 1; lastKnownFileType = text.xcconfig; name = "Pods-BFLCoinManagerUITests.debug.xcconfig"; path = "Pods/Target Support Files/Pods-BFLCoinManagerUITests/Pods-BFLCoinManagerUITests.debug.xcconfig"; sourceTree = "<group>"; };
		BDDFB8903B6C7B12B2D4F8BD /* Pods_BFLCoinManager.framework */ = {isa = PBXFileReference; explicitFileType = wrapper.framework; includeInIndex = 0; path = Pods_BFLCoinManager.framework; sourceTree = BUILT_PRODUCTS_DIR; };
		D84EABC44BDCB68DB8A8BE33 /* Pods_BFLCoinManagerTests.framework */ = {isa = PBXFileReference; explicitFileType = wrapper.framework; includeInIndex = 0; path = Pods_BFLCoinManagerTests.framework; sourceTree = BUILT_PRODUCTS_DIR; };
		DFCDC71A59420709A9FCD7E9 /* Pods_BFLCoinManagerUITests.framework */ = {isa = PBXFileReference; explicitFileType = wrapper.framework; includeInIndex = 0; path = Pods_BFLCoinManagerUITests.framework; sourceTree = BUILT_PRODUCTS_DIR; };
		E48AD0AEA67C228BAB9BB16E /* Pods-BFLCoinManagerTests.release.xcconfig */ = {isa = PBXFileReference; includeInIndex = 1; lastKnownFileType = text.xcconfig; name = "Pods-BFLCoinManagerTests.release.xcconfig"; path = "Pods/Target Support Files/Pods-BFLCoinManagerTests/Pods-BFLCoinManagerTests.release.xcconfig"; sourceTree = "<group>"; };
/* End PBXFileReference section */

/* Begin PBXFrameworksBuildPhase section */
		40A2D9E620207D0900D4D081 /* Frameworks */ = {
			isa = PBXFrameworksBuildPhase;
			buildActionMask = 2147483647;
			files = (
				6C3E106085215C9ACF99197A /* Pods_BFLCoinManager.framework in Frameworks */,
			);
			runOnlyForDeploymentPostprocessing = 0;
		};
		40A2D9FA20207D0900D4D081 /* Frameworks */ = {
			isa = PBXFrameworksBuildPhase;
			buildActionMask = 2147483647;
			files = (
				8F0C39E920DE3B2FCCFA9467 /* Pods_BFLCoinManagerTests.framework in Frameworks */,
			);
			runOnlyForDeploymentPostprocessing = 0;
		};
		40A2DA0520207D0900D4D081 /* Frameworks */ = {
			isa = PBXFrameworksBuildPhase;
			buildActionMask = 2147483647;
			files = (
				8740F5730100465F82C7D205 /* Pods_BFLCoinManagerUITests.framework in Frameworks */,
			);
			runOnlyForDeploymentPostprocessing = 0;
		};
/* End PBXFrameworksBuildPhase section */

/* Begin PBXGroup section */
		165A8EA9028796B2992BE63C /* Pods */ = {
			isa = PBXGroup;
			children = (
				376AA0E3971F8761ED5BF1C3 /* Pods-BFLCoinManager.debug.xcconfig */,
				73E30634BEBF1ED5B736127B /* Pods-BFLCoinManager.release.xcconfig */,
				3D2A04B25B0379E3468BDD47 /* Pods-BFLCoinManagerTests.debug.xcconfig */,
				E48AD0AEA67C228BAB9BB16E /* Pods-BFLCoinManagerTests.release.xcconfig */,
				811E9B607C726F309787371E /* Pods-BFLCoinManagerUITests.debug.xcconfig */,
				5A477919A853105DF072DE60 /* Pods-BFLCoinManagerUITests.release.xcconfig */,
			);
			name = Pods;
			sourceTree = "<group>";
		};
		40A2D9E020207D0900D4D081 = {
			isa = PBXGroup;
			children = (
				40A2D9EB20207D0900D4D081 /* BFLCoinManager */,
				40A2DA0020207D0900D4D081 /* BFLCoinManagerTests */,
				40A2DA0B20207D0A00D4D081 /* BFLCoinManagerUITests */,
				40A2D9EA20207D0900D4D081 /* Products */,
				165A8EA9028796B2992BE63C /* Pods */,
				DF6765536B01F7C466B49276 /* Frameworks */,
			);
			sourceTree = "<group>";
		};
		40A2D9EA20207D0900D4D081 /* Products */ = {
			isa = PBXGroup;
			children = (
				40A2D9E920207D0900D4D081 /* BFLCoinManager.app */,
				40A2D9FD20207D0900D4D081 /* BFLCoinManagerTests.xctest */,
				40A2DA0820207D0900D4D081 /* BFLCoinManagerUITests.xctest */,
			);
			name = Products;
			sourceTree = "<group>";
		};
		40A2D9EB20207D0900D4D081 /* BFLCoinManager */ = {
			isa = PBXGroup;
			children = (
				40A2D9EC20207D0900D4D081 /* AppDelegate.swift */,
				40A2D9EE20207D0900D4D081 /* ViewController.swift */,
				40A2D9F020207D0900D4D081 /* Main.storyboard */,
				40A2D9F320207D0900D4D081 /* Assets.xcassets */,
				40A2D9F520207D0900D4D081 /* LaunchScreen.storyboard */,
				40A2D9F820207D0900D4D081 /* Info.plist */,
			);
			path = BFLCoinManager;
			sourceTree = "<group>";
		};
		40A2DA0020207D0900D4D081 /* BFLCoinManagerTests */ = {
			isa = PBXGroup;
			children = (
				40A2DA0120207D0900D4D081 /* BFLCoinManagerTests.swift */,
				40A2DA0320207D0900D4D081 /* Info.plist */,
			);
			path = BFLCoinManagerTests;
			sourceTree = "<group>";
		};
		40A2DA0B20207D0A00D4D081 /* BFLCoinManagerUITests */ = {
			isa = PBXGroup;
			children = (
				40A2DA0C20207D0A00D4D081 /* BFLCoinManagerUITests.swift */,
				40A2DA0E20207D0A00D4D081 /* Info.plist */,
			);
			path = BFLCoinManagerUITests;
			sourceTree = "<group>";
		};
		DF6765536B01F7C466B49276 /* Frameworks */ = {
			isa = PBXGroup;
			children = (
				BDDFB8903B6C7B12B2D4F8BD /* Pods_BFLCoinManager.framework */,
				D84EABC44BDCB68DB8A8BE33 /* Pods_BFLCoinManagerTests.framework */,
				DFCDC71A59420709A9FCD7E9 /* Pods_BFLCoinManagerUITests.framework */,
			);
			name = Frameworks;
			sourceTree = "<group>";
		};
/* End PBXGroup section */

/* Begin PBXNativeTarget section */
		40A2D9E820207D0900D4D081 /* BFLCoinManager */ = {
			isa = PBXNativeTarget;
			buildConfigurationList = 40A2DA1120207D0A00D4D081 /* Build configuration list for PBXNativeTarget "BFLCoinManager" */;
			buildPhases = (
				D967E116E4B84EF8CF678454 /* [CP] Check Pods Manifest.lock */,
				40A2D9E520207D0900D4D081 /* Sources */,
				40A2D9E620207D0900D4D081 /* Frameworks */,
				40A2D9E720207D0900D4D081 /* Resources */,
				F04F9F4F200CE72ADF435449 /* [CP] Embed Pods Frameworks */,
				7863A18CA5D4788D19B59552 /* [CP] Copy Pods Resources */,
			);
			buildRules = (
			);
			dependencies = (
			);
			name = BFLCoinManager;
			productName = BFLCoinManager;
			productReference = 40A2D9E920207D0900D4D081 /* BFLCoinManager.app */;
			productType = "com.apple.product-type.application";
		};
		40A2D9FC20207D0900D4D081 /* BFLCoinManagerTests */ = {
			isa = PBXNativeTarget;
			buildConfigurationList = 40A2DA1420207D0A00D4D081 /* Build configuration list for PBXNativeTarget "BFLCoinManagerTests" */;
			buildPhases = (
				BEDAB3C579DD8D40B4D2E178 /* [CP] Check Pods Manifest.lock */,
				40A2D9F920207D0900D4D081 /* Sources */,
				40A2D9FA20207D0900D4D081 /* Frameworks */,
				40A2D9FB20207D0900D4D081 /* Resources */,
				810933D424B7AECB648FADAE /* [CP] Embed Pods Frameworks */,
				96A86C796BE929912A13456E /* [CP] Copy Pods Resources */,
			);
			buildRules = (
			);
			dependencies = (
				40A2D9FF20207D0900D4D081 /* PBXTargetDependency */,
			);
			name = BFLCoinManagerTests;
			productName = BFLCoinManagerTests;
			productReference = 40A2D9FD20207D0900D4D081 /* BFLCoinManagerTests.xctest */;
			productType = "com.apple.product-type.bundle.unit-test";
		};
		40A2DA0720207D0900D4D081 /* BFLCoinManagerUITests */ = {
			isa = PBXNativeTarget;
			buildConfigurationList = 40A2DA1720207D0A00D4D081 /* Build configuration list for PBXNativeTarget "BFLCoinManagerUITests" */;
			buildPhases = (
				01161E134B4864DD344DC8C8 /* [CP] Check Pods Manifest.lock */,
				40A2DA0420207D0900D4D081 /* Sources */,
				40A2DA0520207D0900D4D081 /* Frameworks */,
				40A2DA0620207D0900D4D081 /* Resources */,
				15AFFCD7D3EAB3197A111B0B /* [CP] Embed Pods Frameworks */,
				973CEEB76FF5B798BD60C5C2 /* [CP] Copy Pods Resources */,
			);
			buildRules = (
			);
			dependencies = (
				40A2DA0A20207D0900D4D081 /* PBXTargetDependency */,
			);
			name = BFLCoinManagerUITests;
			productName = BFLCoinManagerUITests;
			productReference = 40A2DA0820207D0900D4D081 /* BFLCoinManagerUITests.xctest */;
			productType = "com.apple.product-type.bundle.ui-testing";
		};
/* End PBXNativeTarget section */

/* Begin PBXProject section */
		40A2D9E120207D0900D4D081 /* Project object */ = {
			isa = PBXProject;
			attributes = {
				LastSwiftUpdateCheck = 0900;
				LastUpgradeCheck = 0900;
				ORGANIZATIONNAME = leejaeeun;
				TargetAttributes = {
					40A2D9E820207D0900D4D081 = {
						CreatedOnToolsVersion = 9.0.1;
						ProvisioningStyle = Automatic;
					};
					40A2D9FC20207D0900D4D081 = {
						CreatedOnToolsVersion = 9.0.1;
						ProvisioningStyle = Automatic;
						TestTargetID = 40A2D9E820207D0900D4D081;
					};
					40A2DA0720207D0900D4D081 = {
						CreatedOnToolsVersion = 9.0.1;
						ProvisioningStyle = Automatic;
						TestTargetID = 40A2D9E820207D0900D4D081;
					};
				};
			};
			buildConfigurationList = 40A2D9E420207D0900D4D081 /* Build configuration list for PBXProject "BFLCoinManager" */;
			compatibilityVersion = "Xcode 8.0";
			developmentRegion = en;
			hasScannedForEncodings = 0;
			knownRegions = (
				en,
				Base,
			);
			mainGroup = 40A2D9E020207D0900D4D081;
			productRefGroup = 40A2D9EA20207D0900D4D081 /* Products */;
			projectDirPath = "";
			projectRoot = "";
			targets = (
				40A2D9E820207D0900D4D081 /* BFLCoinManager */,
				40A2D9FC20207D0900D4D081 /* BFLCoinManagerTests */,
				40A2DA0720207D0900D4D081 /* BFLCoinManagerUITests */,
			);
		};
/* End PBXProject section */

/* Begin PBXResourcesBuildPhase section */
		40A2D9E720207D0900D4D081 /* Resources */ = {
			isa = PBXResourcesBuildPhase;
			buildActionMask = 2147483647;
			files = (
				40A2D9F720207D0900D4D081 /* LaunchScreen.storyboard in Resources */,
				40A2D9F420207D0900D4D081 /* Assets.xcassets in Resources */,
				40A2D9F220207D0900D4D081 /* Main.storyboard in Resources */,
			);
			runOnlyForDeploymentPostprocessing = 0;
		};
		40A2D9FB20207D0900D4D081 /* Resources */ = {
			isa = PBXResourcesBuildPhase;
			buildActionMask = 2147483647;
			files = (
			);
			runOnlyForDeploymentPostprocessing = 0;
		};
		40A2DA0620207D0900D4D081 /* Resources */ = {
			isa = PBXResourcesBuildPhase;
			buildActionMask = 2147483647;
			files = (
			);
			runOnlyForDeploymentPostprocessing = 0;
		};
/* End PBXResourcesBuildPhase section */

/* Begin PBXShellScriptBuildPhase section */
		01161E134B4864DD344DC8C8 /* [CP] Check Pods Manifest.lock */ = {
			isa = PBXShellScriptBuildPhase;
			buildActionMask = 2147483647;
			files = (
			);
			inputPaths = (
				"${PODS_PODFILE_DIR_PATH}/Podfile.lock",
				"${PODS_ROOT}/Manifest.lock",
			);
			name = "[CP] Check Pods Manifest.lock";
			outputPaths = (
				"$(DERIVED_FILE_DIR)/Pods-BFLCoinManagerUITests-checkManifestLockResult.txt",
			);
			runOnlyForDeploymentPostprocessing = 0;
			shellPath = /bin/sh;
			shellScript = "diff \"${PODS_PODFILE_DIR_PATH}/Podfile.lock\" \"${PODS_ROOT}/Manifest.lock\" > /dev/null\nif [ $? != 0 ] ; then\n    # print error to STDERR\n    echo \"error: The sandbox is not in sync with the Podfile.lock. Run 'pod install' or update your CocoaPods installation.\" >&2\n    exit 1\nfi\n# This output is used by Xcode 'outputs' to avoid re-running this script phase.\necho \"SUCCESS\" > \"${SCRIPT_OUTPUT_FILE_0}\"\n";
			showEnvVarsInLog = 0;
		};
		15AFFCD7D3EAB3197A111B0B /* [CP] Embed Pods Frameworks */ = {
			isa = PBXShellScriptBuildPhase;
			buildActionMask = 2147483647;
			files = (
			);
			inputPaths = (
			);
			name = "[CP] Embed Pods Frameworks";
			outputPaths = (
			);
			runOnlyForDeploymentPostprocessing = 0;
			shellPath = /bin/sh;
			shellScript = "\"${SRCROOT}/Pods/Target Support Files/Pods-BFLCoinManagerUITests/Pods-BFLCoinManagerUITests-frameworks.sh\"\n";
			showEnvVarsInLog = 0;
		};
		7863A18CA5D4788D19B59552 /* [CP] Copy Pods Resources */ = {
			isa = PBXShellScriptBuildPhase;
			buildActionMask = 2147483647;
			files = (
			);
			inputPaths = (
			);
			name = "[CP] Copy Pods Resources";
			outputPaths = (
			);
			runOnlyForDeploymentPostprocessing = 0;
			shellPath = /bin/sh;
			shellScript = "\"${SRCROOT}/Pods/Target Support Files/Pods-BFLCoinManager/Pods-BFLCoinManager-resources.sh\"\n";
			showEnvVarsInLog = 0;
		};
		810933D424B7AECB648FADAE /* [CP] Embed Pods Frameworks */ = {
			isa = PBXShellScriptBuildPhase;
			buildActionMask = 2147483647;
			files = (
			);
			inputPaths = (
			);
			name = "[CP] Embed Pods Frameworks";
			outputPaths = (
			);
			runOnlyForDeploymentPostprocessing = 0;
			shellPath = /bin/sh;
			shellScript = "\"${SRCROOT}/Pods/Target Support Files/Pods-BFLCoinManagerTests/Pods-BFLCoinManagerTests-frameworks.sh\"\n";
			showEnvVarsInLog = 0;
		};
		96A86C796BE929912A13456E /* [CP] Copy Pods Resources */ = {
			isa = PBXShellScriptBuildPhase;
			buildActionMask = 2147483647;
			files = (
			);
			inputPaths = (
			);
			name = "[CP] Copy Pods Resources";
			outputPaths = (
			);
			runOnlyForDeploymentPostprocessing = 0;
			shellPath = /bin/sh;
			shellScript = "\"${SRCROOT}/Pods/Target Support Files/Pods-BFLCoinManagerTests/Pods-BFLCoinManagerTests-resources.sh\"\n";
			showEnvVarsInLog = 0;
		};
		973CEEB76FF5B798BD60C5C2 /* [CP] Copy Pods Resources */ = {
			isa = PBXShellScriptBuildPhase;
			buildActionMask = 2147483647;
			files = (
			);
			inputPaths = (
			);
			name = "[CP] Copy Pods Resources";
			outputPaths = (
			);
			runOnlyForDeploymentPostprocessing = 0;
			shellPath = /bin/sh;
			shellScript = "\"${SRCROOT}/Pods/Target Support Files/Pods-BFLCoinManagerUITests/Pods-BFLCoinManagerUITests-resources.sh\"\n";
			showEnvVarsInLog = 0;
		};
		BEDAB3C579DD8D40B4D2E178 /* [CP] Check Pods Manifest.lock */ = {
			isa = PBXShellScriptBuildPhase;
			buildActionMask = 2147483647;
			files = (
			);
			inputPaths = (
				"${PODS_PODFILE_DIR_PATH}/Podfile.lock",
				"${PODS_ROOT}/Manifest.lock",
			);
			name = "[CP] Check Pods Manifest.lock";
			outputPaths = (
				"$(DERIVED_FILE_DIR)/Pods-BFLCoinManagerTests-checkManifestLockResult.txt",
			);
			runOnlyForDeploymentPostprocessing = 0;
			shellPath = /bin/sh;
			shellScript = "diff \"${PODS_PODFILE_DIR_PATH}/Podfile.lock\" \"${PODS_ROOT}/Manifest.lock\" > /dev/null\nif [ $? != 0 ] ; then\n    # print error to STDERR\n    echo \"error: The sandbox is not in sync with the Podfile.lock. Run 'pod install' or update your CocoaPods installation.\" >&2\n    exit 1\nfi\n# This output is used by Xcode 'outputs' to avoid re-running this script phase.\necho \"SUCCESS\" > \"${SCRIPT_OUTPUT_FILE_0}\"\n";
			showEnvVarsInLog = 0;
		};
		D967E116E4B84EF8CF678454 /* [CP] Check Pods Manifest.lock */ = {
			isa = PBXShellScriptBuildPhase;
			buildActionMask = 2147483647;
			files = (
			);
			inputPaths = (
				"${PODS_PODFILE_DIR_PATH}/Podfile.lock",
				"${PODS_ROOT}/Manifest.lock",
			);
			name = "[CP] Check Pods Manifest.lock";
			outputPaths = (
				"$(DERIVED_FILE_DIR)/Pods-BFLCoinManager-checkManifestLockResult.txt",
			);
			runOnlyForDeploymentPostprocessing = 0;
			shellPath = /bin/sh;
			shellScript = "diff \"${PODS_PODFILE_DIR_PATH}/Podfile.lock\" \"${PODS_ROOT}/Manifest.lock\" > /dev/null\nif [ $? != 0 ] ; then\n    # print error to STDERR\n    echo \"error: The sandbox is not in sync with the Podfile.lock. Run 'pod install' or update your CocoaPods installation.\" >&2\n    exit 1\nfi\n# This output is used by Xcode 'outputs' to avoid re-running this script phase.\necho \"SUCCESS\" > \"${SCRIPT_OUTPUT_FILE_0}\"\n";
			showEnvVarsInLog = 0;
		};
		F04F9F4F200CE72ADF435449 /* [CP] Embed Pods Frameworks */ = {
			isa = PBXShellScriptBuildPhase;
			buildActionMask = 2147483647;
			files = (
			);
			inputPaths = (
				"${SRCROOT}/Pods/Target Support Files/Pods-BFLCoinManager/Pods-BFLCoinManager-frameworks.sh",
				"${BUILT_PRODUCTS_DIR}/Alamofire/Alamofire.framework",
			);
			name = "[CP] Embed Pods Frameworks";
			outputPaths = (
				"${TARGET_BUILD_DIR}/${FRAMEWORKS_FOLDER_PATH}/Alamofire.framework",
			);
			runOnlyForDeploymentPostprocessing = 0;
			shellPath = /bin/sh;
			shellScript = "\"${SRCROOT}/Pods/Target Support Files/Pods-BFLCoinManager/Pods-BFLCoinManager-frameworks.sh\"\n";
			showEnvVarsInLog = 0;
		};
/* End PBXShellScriptBuildPhase section */

/* Begin PBXSourcesBuildPhase section */
		40A2D9E520207D0900D4D081 /* Sources */ = {
			isa = PBXSourcesBuildPhase;
			buildActionMask = 2147483647;
			files = (
				40A2D9EF20207D0900D4D081 /* ViewController.swift in Sources */,
				40A2D9ED20207D0900D4D081 /* AppDelegate.swift in Sources */,
			);
			runOnlyForDeploymentPostprocessing = 0;
		};
		40A2D9F920207D0900D4D081 /* Sources */ = {
			isa = PBXSourcesBuildPhase;
			buildActionMask = 2147483647;
			files = (
				40A2DA0220207D0900D4D081 /* BFLCoinManagerTests.swift in Sources */,
			);
			runOnlyForDeploymentPostprocessing = 0;
		};
		40A2DA0420207D0900D4D081 /* Sources */ = {
			isa = PBXSourcesBuildPhase;
			buildActionMask = 2147483647;
			files = (
				40A2DA0D20207D0A00D4D081 /* BFLCoinManagerUITests.swift in Sources */,
			);
			runOnlyForDeploymentPostprocessing = 0;
		};
/* End PBXSourcesBuildPhase section */

/* Begin PBXTargetDependency section */
		40A2D9FF20207D0900D4D081 /* PBXTargetDependency */ = {
			isa = PBXTargetDependency;
			target = 40A2D9E820207D0900D4D081 /* BFLCoinManager */;
			targetProxy = 40A2D9FE20207D0900D4D081 /* PBXContainerItemProxy */;
		};
		40A2DA0A20207D0900D4D081 /* PBXTargetDependency */ = {
			isa = PBXTargetDependency;
			target = 40A2D9E820207D0900D4D081 /* BFLCoinManager */;
			targetProxy = 40A2DA0920207D0900D4D081 /* PBXContainerItemProxy */;
		};
/* End PBXTargetDependency section */

/* Begin PBXVariantGroup section */
		40A2D9F020207D0900D4D081 /* Main.storyboard */ = {
			isa = PBXVariantGroup;
			children = (
				40A2D9F120207D0900D4D081 /* Base */,
			);
			name = Main.storyboard;
			sourceTree = "<group>";
		};
		40A2D9F520207D0900D4D081 /* LaunchScreen.storyboard */ = {
			isa = PBXVariantGroup;
			children = (
				40A2D9F620207D0900D4D081 /* Base */,
			);
			name = LaunchScreen.storyboard;
			sourceTree = "<group>";
		};
/* End PBXVariantGroup section */

/* Begin XCBuildConfiguration section */
		40A2DA0F20207D0A00D4D081 /* Debug */ = {
			isa = XCBuildConfiguration;
			buildSettings = {
				ALWAYS_SEARCH_USER_PATHS = NO;
				CLANG_ANALYZER_NONNULL = YES;
				CLANG_ANALYZER_NUMBER_OBJECT_CONVERSION = YES_AGGRESSIVE;
				CLANG_CXX_LANGUAGE_STANDARD = "gnu++14";
				CLANG_CXX_LIBRARY = "libc++";
				CLANG_ENABLE_MODULES = YES;
				CLANG_ENABLE_OBJC_ARC = YES;
				CLANG_WARN_BLOCK_CAPTURE_AUTORELEASING = YES;
				CLANG_WARN_BOOL_CONVERSION = YES;
				CLANG_WARN_COMMA = YES;
				CLANG_WARN_CONSTANT_CONVERSION = YES;
				CLANG_WARN_DIRECT_OBJC_ISA_USAGE = YES_ERROR;
				CLANG_WARN_DOCUMENTATION_COMMENTS = YES;
				CLANG_WARN_EMPTY_BODY = YES;
				CLANG_WARN_ENUM_CONVERSION = YES;
				CLANG_WARN_INFINITE_RECURSION = YES;
				CLANG_WARN_INT_CONVERSION = YES;
				CLANG_WARN_NON_LITERAL_NULL_CONVERSION = YES;
				CLANG_WARN_OBJC_LITERAL_CONVERSION = YES;
				CLANG_WARN_OBJC_ROOT_CLASS = YES_ERROR;
				CLANG_WARN_RANGE_LOOP_ANALYSIS = YES;
				CLANG_WARN_STRICT_PROTOTYPES = YES;
				CLANG_WARN_SUSPICIOUS_MOVE = YES;
				CLANG_WARN_UNGUARDED_AVAILABILITY = YES_AGGRESSIVE;
				CLANG_WARN_UNREACHABLE_CODE = YES;
				CLANG_WARN__DUPLICATE_METHOD_MATCH = YES;
				CODE_SIGN_IDENTITY = "iPhone Developer";
				COPY_PHASE_STRIP = NO;
				DEBUG_INFORMATION_FORMAT = dwarf;
				ENABLE_STRICT_OBJC_MSGSEND = YES;
				ENABLE_TESTABILITY = YES;
				GCC_C_LANGUAGE_STANDARD = gnu11;
				GCC_DYNAMIC_NO_PIC = NO;
				GCC_NO_COMMON_BLOCKS = YES;
				GCC_OPTIMIZATION_LEVEL = 0;
				GCC_PREPROCESSOR_DEFINITIONS = (
					"DEBUG=1",
					"$(inherited)",
				);
				GCC_WARN_64_TO_32_BIT_CONVERSION = YES;
				GCC_WARN_ABOUT_RETURN_TYPE = YES_ERROR;
				GCC_WARN_UNDECLARED_SELECTOR = YES;
				GCC_WARN_UNINITIALIZED_AUTOS = YES_AGGRESSIVE;
				GCC_WARN_UNUSED_FUNCTION = YES;
				GCC_WARN_UNUSED_VARIABLE = YES;
				IPHONEOS_DEPLOYMENT_TARGET = 11.0;
				MTL_ENABLE_DEBUG_INFO = YES;
				ONLY_ACTIVE_ARCH = YES;
				SDKROOT = iphoneos;
				SWIFT_ACTIVE_COMPILATION_CONDITIONS = DEBUG;
				SWIFT_OPTIMIZATION_LEVEL = "-Onone";
			};
			name = Debug;
		};
		40A2DA1020207D0A00D4D081 /* Release */ = {
			isa = XCBuildConfiguration;
			buildSettings = {
				ALWAYS_SEARCH_USER_PATHS = NO;
				CLANG_ANALYZER_NONNULL = YES;
				CLANG_ANALYZER_NUMBER_OBJECT_CONVERSION = YES_AGGRESSIVE;
				CLANG_CXX_LANGUAGE_STANDARD = "gnu++14";
				CLANG_CXX_LIBRARY = "libc++";
				CLANG_ENABLE_MODULES = YES;
				CLANG_ENABLE_OBJC_ARC = YES;
				CLANG_WARN_BLOCK_CAPTURE_AUTORELEASING = YES;
				CLANG_WARN_BOOL_CONVERSION = YES;
				CLANG_WARN_COMMA = YES;
				CLANG_WARN_CONSTANT_CONVERSION = YES;
				CLANG_WARN_DIRECT_OBJC_ISA_USAGE = YES_ERROR;
				CLANG_WARN_DOCUMENTATION_COMMENTS = YES;
				CLANG_WARN_EMPTY_BODY = YES;
				CLANG_WARN_ENUM_CONVERSION = YES;
				CLANG_WARN_INFINITE_RECURSION = YES;
				CLANG_WARN_INT_CONVERSION = YES;
				CLANG_WARN_NON_LITERAL_NULL_CONVERSION = YES;
				CLANG_WARN_OBJC_LITERAL_CONVERSION = YES;
				CLANG_WARN_OBJC_ROOT_CLASS = YES_ERROR;
				CLANG_WARN_RANGE_LOOP_ANALYSIS = YES;
				CLANG_WARN_STRICT_PROTOTYPES = YES;
				CLANG_WARN_SUSPICIOUS_MOVE = YES;
				CLANG_WARN_UNGUARDED_AVAILABILITY = YES_AGGRESSIVE;
				CLANG_WARN_UNREACHABLE_CODE = YES;
				CLANG_WARN__DUPLICATE_METHOD_MATCH = YES;
				CODE_SIGN_IDENTITY = "iPhone Developer";
				COPY_PHASE_STRIP = NO;
				DEBUG_INFORMATION_FORMAT = "dwarf-with-dsym";
				ENABLE_NS_ASSERTIONS = NO;
				ENABLE_STRICT_OBJC_MSGSEND = YES;
				GCC_C_LANGUAGE_STANDARD = gnu11;
				GCC_NO_COMMON_BLOCKS = YES;
				GCC_WARN_64_TO_32_BIT_CONVERSION = YES;
				GCC_WARN_ABOUT_RETURN_TYPE = YES_ERROR;
				GCC_WARN_UNDECLARED_SELECTOR = YES;
				GCC_WARN_UNINITIALIZED_AUTOS = YES_AGGRESSIVE;
				GCC_WARN_UNUSED_FUNCTION = YES;
				GCC_WARN_UNUSED_VARIABLE = YES;
				IPHONEOS_DEPLOYMENT_TARGET = 11.0;
				MTL_ENABLE_DEBUG_INFO = NO;
				SDKROOT = iphoneos;
				SWIFT_OPTIMIZATION_LEVEL = "-Owholemodule";
				VALIDATE_PRODUCT = YES;
			};
			name = Release;
		};
		40A2DA1220207D0A00D4D081 /* Debug */ = {
			isa = XCBuildConfiguration;
			baseConfigurationReference = 376AA0E3971F8761ED5BF1C3 /* Pods-BFLCoinManager.debug.xcconfig */;
			buildSettings = {
				ASSETCATALOG_COMPILER_APPICON_NAME = AppIcon;
				CODE_SIGN_STYLE = Automatic;
				INFOPLIST_FILE = BFLCoinManager/Info.plist;
				IPHONEOS_DEPLOYMENT_TARGET = 10.0;
				LD_RUNPATH_SEARCH_PATHS = "$(inherited) @executable_path/Frameworks";
				PRODUCT_BUNDLE_IDENTIFIER = "archive-asia.BFLCoinManager";
				PRODUCT_NAME = "$(TARGET_NAME)";
				SWIFT_VERSION = 4.0;
				TARGETED_DEVICE_FAMILY = "1,2";
			};
			name = Debug;
		};
		40A2DA1320207D0A00D4D081 /* Release */ = {
			isa = XCBuildConfiguration;
			baseConfigurationReference = 73E30634BEBF1ED5B736127B /* Pods-BFLCoinManager.release.xcconfig */;
			buildSettings = {
				ASSETCATALOG_COMPILER_APPICON_NAME = AppIcon;
				CODE_SIGN_STYLE = Automatic;
				INFOPLIST_FILE = BFLCoinManager/Info.plist;
				IPHONEOS_DEPLOYMENT_TARGET = 10.0;
				LD_RUNPATH_SEARCH_PATHS = "$(inherited) @executable_path/Frameworks";
				PRODUCT_BUNDLE_IDENTIFIER = "archive-asia.BFLCoinManager";
				PRODUCT_NAME = "$(TARGET_NAME)";
				SWIFT_VERSION = 4.0;
				TARGETED_DEVICE_FAMILY = "1,2";
			};
			name = Release;
		};
		40A2DA1520207D0A00D4D081 /* Debug */ = {
			isa = XCBuildConfiguration;
			baseConfigurationReference = 3D2A04B25B0379E3468BDD47 /* Pods-BFLCoinManagerTests.debug.xcconfig */;
			buildSettings = {
				ALWAYS_EMBED_SWIFT_STANDARD_LIBRARIES = YES;
				BUNDLE_LOADER = "$(TEST_HOST)";
				CODE_SIGN_STYLE = Automatic;
				INFOPLIST_FILE = BFLCoinManagerTests/Info.plist;
				LD_RUNPATH_SEARCH_PATHS = "$(inherited) @executable_path/Frameworks @loader_path/Frameworks";
				PRODUCT_BUNDLE_IDENTIFIER = "archive-asia.BFLCoinManagerTests";
				PRODUCT_NAME = "$(TARGET_NAME)";
				SWIFT_VERSION = 4.0;
				TARGETED_DEVICE_FAMILY = "1,2";
				TEST_HOST = "$(BUILT_PRODUCTS_DIR)/BFLCoinManager.app/BFLCoinManager";
			};
			name = Debug;
		};
		40A2DA1620207D0A00D4D081 /* Release */ = {
			isa = XCBuildConfiguration;
			baseConfigurationReference = E48AD0AEA67C228BAB9BB16E /* Pods-BFLCoinManagerTests.release.xcconfig */;
			buildSettings = {
				ALWAYS_EMBED_SWIFT_STANDARD_LIBRARIES = YES;
				BUNDLE_LOADER = "$(TEST_HOST)";
				CODE_SIGN_STYLE = Automatic;
				INFOPLIST_FILE = BFLCoinManagerTests/Info.plist;
				LD_RUNPATH_SEARCH_PATHS = "$(inherited) @executable_path/Frameworks @loader_path/Frameworks";
				PRODUCT_BUNDLE_IDENTIFIER = "archive-asia.BFLCoinManagerTests";
				PRODUCT_NAME = "$(TARGET_NAME)";
				SWIFT_VERSION = 4.0;
				TARGETED_DEVICE_FAMILY = "1,2";
				TEST_HOST = "$(BUILT_PRODUCTS_DIR)/BFLCoinManager.app/BFLCoinManager";
			};
			name = Release;
		};
		40A2DA1820207D0A00D4D081 /* Debug */ = {
			isa = XCBuildConfiguration;
			baseConfigurationReference = 811E9B607C726F309787371E /* Pods-BFLCoinManagerUITests.debug.xcconfig */;
			buildSettings = {
				ALWAYS_EMBED_SWIFT_STANDARD_LIBRARIES = YES;
				CODE_SIGN_STYLE = Automatic;
				INFOPLIST_FILE = BFLCoinManagerUITests/Info.plist;
				LD_RUNPATH_SEARCH_PATHS = "$(inherited) @executable_path/Frameworks @loader_path/Frameworks";
				PRODUCT_BUNDLE_IDENTIFIER = "archive-asia.BFLCoinManagerUITests";
				PRODUCT_NAME = "$(TARGET_NAME)";
				SWIFT_VERSION = 4.0;
				TARGETED_DEVICE_FAMILY = "1,2";
				TEST_TARGET_NAME = BFLCoinManager;
			};
			name = Debug;
		};
		40A2DA1920207D0A00D4D081 /* Release */ = {
			isa = XCBuildConfiguration;
			baseConfigurationReference = 5A477919A853105DF072DE60 /* Pods-BFLCoinManagerUITests.release.xcconfig */;
			buildSettings = {
				ALWAYS_EMBED_SWIFT_STANDARD_LIBRARIES = YES;
				CODE_SIGN_STYLE = Automatic;
				INFOPLIST_FILE = BFLCoinManagerUITests/Info.plist;
				LD_RUNPATH_SEARCH_PATHS = "$(inherited) @executable_path/Frameworks @loader_path/Frameworks";
				PRODUCT_BUNDLE_IDENTIFIER = "archive-asia.BFLCoinManagerUITests";
				PRODUCT_NAME = "$(TARGET_NAME)";
				SWIFT_VERSION = 4.0;
				TARGETED_DEVICE_FAMILY = "1,2";
				TEST_TARGET_NAME = BFLCoinManager;
			};
			name = Release;
		};
/* End XCBuildConfiguration section */

/* Begin XCConfigurationList section */
		40A2D9E420207D0900D4D081 /* Build configuration list for PBXProject "BFLCoinManager" */ = {
			isa = XCConfigurationList;
			buildConfigurations = (
				40A2DA0F20207D0A00D4D081 /* Debug */,
				40A2DA1020207D0A00D4D081 /* Release */,
			);
			defaultConfigurationIsVisible = 0;
			defaultConfigurationName = Release;
		};
		40A2DA1120207D0A00D4D081 /* Build configuration list for PBXNativeTarget "BFLCoinManager" */ = {
			isa = XCConfigurationList;
			buildConfigurations = (
				40A2DA1220207D0A00D4D081 /* Debug */,
				40A2DA1320207D0A00D4D081 /* Release */,
			);
			defaultConfigurationIsVisible = 0;
			defaultConfigurationName = Release;
		};
		40A2DA1420207D0A00D4D081 /* Build configuration list for PBXNativeTarget "BFLCoinManagerTests" */ = {
			isa = XCConfigurationList;
			buildConfigurations = (
				40A2DA1520207D0A00D4D081 /* Debug */,
				40A2DA1620207D0A00D4D081 /* Release */,
			);
			defaultConfigurationIsVisible = 0;
			defaultConfigurationName = Release;
		};
		40A2DA1720207D0A00D4D081 /* Build configuration list for PBXNativeTarget "BFLCoinManagerUITests" */ = {
			isa = XCConfigurationList;
			buildConfigurations = (
				40A2DA1820207D0A00D4D081 /* Debug */,
				40A2DA1920207D0A00D4D081 /* Release */,
			);
			defaultConfigurationIsVisible = 0;
			defaultConfigurationName = Release;
		};
/* End XCConfigurationList section */
	};
	rootObject = 40A2D9E120207D0900D4D081 /* Project object */;
}
